// !$*UTF8*$!
{
	archiveVersion = 1;
	classes = {
	};
	objectVersion = 46;
	objects = {

/* Begin PBXBuildFile section */
		2462D9691BADFC750097A40F /* quicksend-test.txt in Resources */ = {isa = PBXBuildFile; fileRef = 2462D9681BADFC750097A40F /* quicksend-test.txt */; };
		24BF3F3E1BB0409100B63E89 /* PreferencesWindowController.swift in Sources */ = {isa = PBXBuildFile; fileRef = 24BF3F3C1BB0409100B63E89 /* PreferencesWindowController.swift */; };
		24BF3F3F1BB0409100B63E89 /* PreferencesWindowController.xib in Resources */ = {isa = PBXBuildFile; fileRef = 24BF3F3D1BB0409100B63E89 /* PreferencesWindowController.xib */; };
		24C4BD251B5BB01E00691568 /* Uploader.swift in Sources */ = {isa = PBXBuildFile; fileRef = 24C4BD241B5BB01E00691568 /* Uploader.swift */; };
		24D0044C1BB0041B000E45DD /* SHA256.swift in Sources */ = {isa = PBXBuildFile; fileRef = 24D0044B1BB0041B000E45DD /* SHA256.swift */; };
		24D004521BB008E8000E45DD /* NSDate+ISO8601.swift in Sources */ = {isa = PBXBuildFile; fileRef = 24D004511BB008E8000E45DD /* NSDate+ISO8601.swift */; };
		24D004541BB00B35000E45DD /* AWS.swift in Sources */ = {isa = PBXBuildFile; fileRef = 24D004531BB00B35000E45DD /* AWS.swift */; };
		24D815B01B55B65400ADF838 /* Alamofire.framework in Frameworks */ = {isa = PBXBuildFile; fileRef = 24D815AF1B55B65400ADF838 /* Alamofire.framework */; };
		24D815B11B55B65400ADF838 /* Alamofire.framework in Embed Frameworks */ = {isa = PBXBuildFile; fileRef = 24D815AF1B55B65400ADF838 /* Alamofire.framework */; settings = {ATTRIBUTES = (CodeSignOnCopy, RemoveHeadersOnCopy, ); }; };
		24D924BF1B5452C6002F9D81 /* AppDelegate.swift in Sources */ = {isa = PBXBuildFile; fileRef = 24D924BE1B5452C6002F9D81 /* AppDelegate.swift */; };
		24D924C11B5452C6002F9D81 /* Assets.xcassets in Resources */ = {isa = PBXBuildFile; fileRef = 24D924C01B5452C6002F9D81 /* Assets.xcassets */; };
		24D924C41B5452C6002F9D81 /* MainMenu.xib in Resources */ = {isa = PBXBuildFile; fileRef = 24D924C21B5452C6002F9D81 /* MainMenu.xib */; };
		24D924D41B5467E9002F9D81 /* StatusIcon.pdf in Resources */ = {isa = PBXBuildFile; fileRef = 24D924D21B5467E9002F9D81 /* StatusIcon.pdf */; };
		24D924D51B5467E9002F9D81 /* StatusIconWhite.pdf in Resources */ = {isa = PBXBuildFile; fileRef = 24D924D31B5467E9002F9D81 /* StatusIconWhite.pdf */; };
		24D924D91B546FE7002F9D81 /* StatusItemView.swift in Sources */ = {isa = PBXBuildFile; fileRef = 24D924D81B546FE7002F9D81 /* StatusItemView.swift */; };
/* End PBXBuildFile section */

/* Begin PBXCopyFilesBuildPhase section */
		24D815B21B55B65400ADF838 /* Embed Frameworks */ = {
			isa = PBXCopyFilesBuildPhase;
			buildActionMask = 2147483647;
			dstPath = "";
			dstSubfolderSpec = 10;
			files = (
				24D815B11B55B65400ADF838 /* Alamofire.framework in Embed Frameworks */,
			);
			name = "Embed Frameworks";
			runOnlyForDeploymentPostprocessing = 0;
		};
/* End PBXCopyFilesBuildPhase section */

/* Begin PBXFileReference section */
		2462D9671BADCB5F0097A40F /* Quicksend.entitlements */ = {isa = PBXFileReference; lastKnownFileType = text.xml; path = Quicksend.entitlements; sourceTree = "<group>"; };
		2462D9681BADFC750097A40F /* quicksend-test.txt */ = {isa = PBXFileReference; fileEncoding = 4; lastKnownFileType = text; path = "quicksend-test.txt"; sourceTree = "<group>"; };
		24BF3F3C1BB0409100B63E89 /* PreferencesWindowController.swift */ = {isa = PBXFileReference; fileEncoding = 4; lastKnownFileType = sourcecode.swift; path = PreferencesWindowController.swift; sourceTree = "<group>"; };
		24BF3F3D1BB0409100B63E89 /* PreferencesWindowController.xib */ = {isa = PBXFileReference; fileEncoding = 4; lastKnownFileType = file.xib; path = PreferencesWindowController.xib; sourceTree = "<group>"; };
		24C4BD241B5BB01E00691568 /* Uploader.swift */ = {isa = PBXFileReference; fileEncoding = 4; lastKnownFileType = sourcecode.swift; path = Uploader.swift; sourceTree = "<group>"; };
		24D0044B1BB0041B000E45DD /* SHA256.swift */ = {isa = PBXFileReference; fileEncoding = 4; lastKnownFileType = sourcecode.swift; path = SHA256.swift; sourceTree = "<group>"; };
		24D0044E1BB004D0000E45DD /* Quicksend-Bridging-Header.h */ = {isa = PBXFileReference; lastKnownFileType = sourcecode.c.h; path = "Quicksend-Bridging-Header.h"; sourceTree = "<group>"; };
		24D004511BB008E8000E45DD /* NSDate+ISO8601.swift */ = {isa = PBXFileReference; fileEncoding = 4; lastKnownFileType = sourcecode.swift; path = "NSDate+ISO8601.swift"; sourceTree = "<group>"; };
		24D004531BB00B35000E45DD /* AWS.swift */ = {isa = PBXFileReference; fileEncoding = 4; lastKnownFileType = sourcecode.swift; path = AWS.swift; sourceTree = "<group>"; };
		24D815AF1B55B65400ADF838 /* Alamofire.framework */ = {isa = PBXFileReference; lastKnownFileType = wrapper.framework; name = Alamofire.framework; path = Carthage/Build/Mac/Alamofire.framework; sourceTree = "<group>"; };
		24D924BB1B5452C6002F9D81 /* Quicksend.app */ = {isa = PBXFileReference; explicitFileType = wrapper.application; includeInIndex = 0; path = Quicksend.app; sourceTree = BUILT_PRODUCTS_DIR; };
		24D924BE1B5452C6002F9D81 /* AppDelegate.swift */ = {isa = PBXFileReference; lastKnownFileType = sourcecode.swift; path = AppDelegate.swift; sourceTree = "<group>"; };
		24D924C01B5452C6002F9D81 /* Assets.xcassets */ = {isa = PBXFileReference; lastKnownFileType = folder.assetcatalog; path = Assets.xcassets; sourceTree = "<group>"; };
		24D924C31B5452C6002F9D81 /* Base */ = {isa = PBXFileReference; lastKnownFileType = file.xib; name = Base; path = Base.lproj/MainMenu.xib; sourceTree = "<group>"; };
		24D924C51B5452C6002F9D81 /* Info.plist */ = {isa = PBXFileReference; lastKnownFileType = text.plist.xml; path = Info.plist; sourceTree = "<group>"; };
		24D924D21B5467E9002F9D81 /* StatusIcon.pdf */ = {isa = PBXFileReference; lastKnownFileType = image.pdf; path = StatusIcon.pdf; sourceTree = "<group>"; };
		24D924D31B5467E9002F9D81 /* StatusIconWhite.pdf */ = {isa = PBXFileReference; lastKnownFileType = image.pdf; path = StatusIconWhite.pdf; sourceTree = "<group>"; };
		24D924D81B546FE7002F9D81 /* StatusItemView.swift */ = {isa = PBXFileReference; fileEncoding = 4; lastKnownFileType = sourcecode.swift; path = StatusItemView.swift; sourceTree = "<group>"; };
/* End PBXFileReference section */

/* Begin PBXFrameworksBuildPhase section */
		24D924B81B5452C6002F9D81 /* Frameworks */ = {
			isa = PBXFrameworksBuildPhase;
			buildActionMask = 2147483647;
			files = (
				24D815B01B55B65400ADF838 /* Alamofire.framework in Frameworks */,
			);
			runOnlyForDeploymentPostprocessing = 0;
		};
/* End PBXFrameworksBuildPhase section */

/* Begin PBXGroup section */
		24D815B31B55B66900ADF838 /* Frameworks */ = {
			isa = PBXGroup;
			children = (
				24D815AF1B55B65400ADF838 /* Alamofire.framework */,
			);
			name = Frameworks;
			sourceTree = "<group>";
		};
		24D924B21B5452C6002F9D81 = {
			isa = PBXGroup;
			children = (
				24D924BD1B5452C6002F9D81 /* Quicksend */,
				24D815B31B55B66900ADF838 /* Frameworks */,
				24D924BC1B5452C6002F9D81 /* Products */,
			);
			sourceTree = "<group>";
		};
		24D924BC1B5452C6002F9D81 /* Products */ = {
			isa = PBXGroup;
			children = (
				24D924BB1B5452C6002F9D81 /* Quicksend.app */,
			);
			name = Products;
			sourceTree = "<group>";
		};
		24D924BD1B5452C6002F9D81 /* Quicksend */ = {
			isa = PBXGroup;
			children = (
				24D924BE1B5452C6002F9D81 /* AppDelegate.swift */,
				24D924D81B546FE7002F9D81 /* StatusItemView.swift */,
				24C4BD241B5BB01E00691568 /* Uploader.swift */,
				24D004531BB00B35000E45DD /* AWS.swift */,
				24D0044B1BB0041B000E45DD /* SHA256.swift */,
				24D004511BB008E8000E45DD /* NSDate+ISO8601.swift */,
				24D924C01B5452C6002F9D81 /* Assets.xcassets */,
				24D924C21B5452C6002F9D81 /* MainMenu.xib */,
				24D924C51B5452C6002F9D81 /* Info.plist */,
				2462D9671BADCB5F0097A40F /* Quicksend.entitlements */,
				24D924CB1B5465E9002F9D81 /* Resources */,
				24D0044E1BB004D0000E45DD /* Quicksend-Bridging-Header.h */,
				24BF3F3C1BB0409100B63E89 /* PreferencesWindowController.swift */,
				24BF3F3D1BB0409100B63E89 /* PreferencesWindowController.xib */,
			);
			path = Quicksend;
			sourceTree = "<group>";
		};
		24D924CB1B5465E9002F9D81 /* Resources */ = {
			isa = PBXGroup;
			children = (
				2462D9681BADFC750097A40F /* quicksend-test.txt */,
				24D924D21B5467E9002F9D81 /* StatusIcon.pdf */,
				24D924D31B5467E9002F9D81 /* StatusIconWhite.pdf */,
			);
			name = Resources;
			sourceTree = "<group>";
		};
/* End PBXGroup section */

/* Begin PBXNativeTarget section */
		24D924BA1B5452C6002F9D81 /* Quicksend */ = {
			isa = PBXNativeTarget;
			buildConfigurationList = 24D924C81B5452C6002F9D81 /* Build configuration list for PBXNativeTarget "Quicksend" */;
			buildPhases = (
				24D924B71B5452C6002F9D81 /* Sources */,
				24D924B81B5452C6002F9D81 /* Frameworks */,
				24D924B91B5452C6002F9D81 /* Resources */,
				24D815B21B55B65400ADF838 /* Embed Frameworks */,
			);
			buildRules = (
			);
			dependencies = (
			);
			name = Quicksend;
			productName = Uploader;
			productReference = 24D924BB1B5452C6002F9D81 /* Quicksend.app */;
			productType = "com.apple.product-type.application";
		};
/* End PBXNativeTarget section */

/* Begin PBXProject section */
		24D924B31B5452C6002F9D81 /* Project object */ = {
			isa = PBXProject;
			attributes = {
				LastSwiftUpdateCheck = 0700;
				LastUpgradeCheck = 0700;
				ORGANIZATIONNAME = "Łukasz Adamczak";
				TargetAttributes = {
					24D924BA1B5452C6002F9D81 = {
						CreatedOnToolsVersion = 7.0;
						DevelopmentTeam = 72RTV5RNE8;
						SystemCapabilities = {
							com.apple.Sandbox = {
								enabled = 1;
							};
						};
					};
				};
			};
			buildConfigurationList = 24D924B61B5452C6002F9D81 /* Build configuration list for PBXProject "Quicksend" */;
			compatibilityVersion = "Xcode 3.2";
			developmentRegion = English;
			hasScannedForEncodings = 0;
			knownRegions = (
				en,
				Base,
			);
			mainGroup = 24D924B21B5452C6002F9D81;
			productRefGroup = 24D924BC1B5452C6002F9D81 /* Products */;
			projectDirPath = "";
			projectRoot = "";
			targets = (
				24D924BA1B5452C6002F9D81 /* Quicksend */,
			);
		};
/* End PBXProject section */

/* Begin PBXResourcesBuildPhase section */
		24D924B91B5452C6002F9D81 /* Resources */ = {
			isa = PBXResourcesBuildPhase;
			buildActionMask = 2147483647;
			files = (
				24BF3F3F1BB0409100B63E89 /* PreferencesWindowController.xib in Resources */,
				24D924C11B5452C6002F9D81 /* Assets.xcassets in Resources */,
				24D924D51B5467E9002F9D81 /* StatusIconWhite.pdf in Resources */,
				24D924D41B5467E9002F9D81 /* StatusIcon.pdf in Resources */,
				2462D9691BADFC750097A40F /* quicksend-test.txt in Resources */,
				24D924C41B5452C6002F9D81 /* MainMenu.xib in Resources */,
			);
			runOnlyForDeploymentPostprocessing = 0;
		};
/* End PBXResourcesBuildPhase section */

/* Begin PBXSourcesBuildPhase section */
		24D924B71B5452C6002F9D81 /* Sources */ = {
			isa = PBXSourcesBuildPhase;
			buildActionMask = 2147483647;
			files = (
				24D0044C1BB0041B000E45DD /* SHA256.swift in Sources */,
				24C4BD251B5BB01E00691568 /* Uploader.swift in Sources */,
				24D924D91B546FE7002F9D81 /* StatusItemView.swift in Sources */,
				24D004541BB00B35000E45DD /* AWS.swift in Sources */,
				24BF3F3E1BB0409100B63E89 /* PreferencesWindowController.swift in Sources */,
				24D004521BB008E8000E45DD /* NSDate+ISO8601.swift in Sources */,
				24D924BF1B5452C6002F9D81 /* AppDelegate.swift in Sources */,
			);
			runOnlyForDeploymentPostprocessing = 0;
		};
/* End PBXSourcesBuildPhase section */

/* Begin PBXVariantGroup section */
		24D924C21B5452C6002F9D81 /* MainMenu.xib */ = {
			isa = PBXVariantGroup;
			children = (
				24D924C31B5452C6002F9D81 /* Base */,
			);
			name = MainMenu.xib;
			sourceTree = "<group>";
		};
/* End PBXVariantGroup section */

/* Begin XCBuildConfiguration section */
		24D924C61B5452C6002F9D81 /* Debug */ = {
			isa = XCBuildConfiguration;
			buildSettings = {
				ALWAYS_SEARCH_USER_PATHS = NO;
				CLANG_CXX_LANGUAGE_STANDARD = "gnu++0x";
				CLANG_CXX_LIBRARY = "libc++";
				CLANG_ENABLE_MODULES = YES;
				CLANG_ENABLE_OBJC_ARC = YES;
				CLANG_WARN_BOOL_CONVERSION = YES;
				CLANG_WARN_CONSTANT_CONVERSION = YES;
				CLANG_WARN_DIRECT_OBJC_ISA_USAGE = YES_ERROR;
				CLANG_WARN_EMPTY_BODY = YES;
				CLANG_WARN_ENUM_CONVERSION = YES;
				CLANG_WARN_INT_CONVERSION = YES;
				CLANG_WARN_OBJC_ROOT_CLASS = YES_ERROR;
				CLANG_WARN_UNREACHABLE_CODE = YES;
				CLANG_WARN__DUPLICATE_METHOD_MATCH = YES;
				CODE_SIGN_IDENTITY = "-";
				COPY_PHASE_STRIP = NO;
				DEBUG_INFORMATION_FORMAT = dwarf;
				ENABLE_STRICT_OBJC_MSGSEND = YES;
				ENABLE_TESTABILITY = YES;
				GCC_C_LANGUAGE_STANDARD = gnu99;
				GCC_DYNAMIC_NO_PIC = NO;
				GCC_NO_COMMON_BLOCKS = YES;
				GCC_OPTIMIZATION_LEVEL = 0;
				GCC_PREPROCESSOR_DEFINITIONS = (
					"DEBUG=1",
					"$(inherited)",
				);
				GCC_WARN_64_TO_32_BIT_CONVERSION = YES;
				GCC_WARN_ABOUT_RETURN_TYPE = YES_ERROR;
				GCC_WARN_UNDECLARED_SELECTOR = YES;
				GCC_WARN_UNINITIALIZED_AUTOS = YES_AGGRESSIVE;
				GCC_WARN_UNUSED_FUNCTION = YES;
				GCC_WARN_UNUSED_VARIABLE = YES;
				MACOSX_DEPLOYMENT_TARGET = 10.10;
				MTL_ENABLE_DEBUG_INFO = YES;
				ONLY_ACTIVE_ARCH = YES;
				SDKROOT = macosx;
				SWIFT_OPTIMIZATION_LEVEL = "-Onone";
			};
			name = Debug;
		};
		24D924C71B5452C6002F9D81 /* Release */ = {
			isa = XCBuildConfiguration;
			buildSettings = {
				ALWAYS_SEARCH_USER_PATHS = NO;
				CLANG_CXX_LANGUAGE_STANDARD = "gnu++0x";
				CLANG_CXX_LIBRARY = "libc++";
				CLANG_ENABLE_MODULES = YES;
				CLANG_ENABLE_OBJC_ARC = YES;
				CLANG_WARN_BOOL_CONVERSION = YES;
				CLANG_WARN_CONSTANT_CONVERSION = YES;
				CLANG_WARN_DIRECT_OBJC_ISA_USAGE = YES_ERROR;
				CLANG_WARN_EMPTY_BODY = YES;
				CLANG_WARN_ENUM_CONVERSION = YES;
				CLANG_WARN_INT_CONVERSION = YES;
				CLANG_WARN_OBJC_ROOT_CLASS = YES_ERROR;
				CLANG_WARN_UNREACHABLE_CODE = YES;
				CLANG_WARN__DUPLICATE_METHOD_MATCH = YES;
				CODE_SIGN_IDENTITY = "-";
				COPY_PHASE_STRIP = NO;
				DEBUG_INFORMATION_FORMAT = "dwarf-with-dsym";
				ENABLE_NS_ASSERTIONS = NO;
				ENABLE_STRICT_OBJC_MSGSEND = YES;
				GCC_C_LANGUAGE_STANDARD = gnu99;
				GCC_NO_COMMON_BLOCKS = YES;
				GCC_WARN_64_TO_32_BIT_CONVERSION = YES;
				GCC_WARN_ABOUT_RETURN_TYPE = YES_ERROR;
				GCC_WARN_UNDECLARED_SELECTOR = YES;
				GCC_WARN_UNINITIALIZED_AUTOS = YES_AGGRESSIVE;
				GCC_WARN_UNUSED_FUNCTION = YES;
				GCC_WARN_UNUSED_VARIABLE = YES;
				MACOSX_DEPLOYMENT_TARGET = 10.10;
				MTL_ENABLE_DEBUG_INFO = NO;
				SDKROOT = macosx;
			};
			name = Release;
		};
		24D924C91B5452C6002F9D81 /* Debug */ = {
			isa = XCBuildConfiguration;
			buildSettings = {
				ASSETCATALOG_COMPILER_APPICON_NAME = AppIcon;
				CLANG_ENABLE_MODULES = YES;
				CODE_SIGN_ENTITLEMENTS = Quicksend/Quicksend.entitlements;
				CODE_SIGN_IDENTITY = "Mac Developer";
				COMBINE_HIDPI_IMAGES = YES;
				FRAMEWORK_SEARCH_PATHS = (
					"$(inherited)",
					"$(PROJECT_DIR)/Carthage/Build/Mac",
				);
				INFOPLIST_FILE = Quicksend/Info.plist;
				LD_RUNPATH_SEARCH_PATHS = "$(inherited) @executable_path/../Frameworks";
				PRODUCT_BUNDLE_IDENTIFIER = pl.czak.quicksend;
				PRODUCT_NAME = Quicksend;
				SWIFT_OBJC_BRIDGING_HEADER = "Quicksend/Quicksend-Bridging-Header.h";
				SWIFT_OPTIMIZATION_LEVEL = "-Onone";
			};
			name = Debug;
		};
		24D924CA1B5452C6002F9D81 /* Release */ = {
			isa = XCBuildConfiguration;
			buildSettings = {
				ASSETCATALOG_COMPILER_APPICON_NAME = AppIcon;
				CLANG_ENABLE_MODULES = YES;
				CODE_SIGN_ENTITLEMENTS = Quicksend/Quicksend.entitlements;
				CODE_SIGN_IDENTITY = "Mac Developer";
				COMBINE_HIDPI_IMAGES = YES;
				FRAMEWORK_SEARCH_PATHS = (
					"$(inherited)",
					"$(PROJECT_DIR)/Carthage/Build/Mac",
				);
				INFOPLIST_FILE = Quicksend/Info.plist;
				LD_RUNPATH_SEARCH_PATHS = "$(inherited) @executable_path/../Frameworks";
				PRODUCT_BUNDLE_IDENTIFIER = pl.czak.quicksend;
				PRODUCT_NAME = Quicksend;
				SWIFT_OBJC_BRIDGING_HEADER = "Quicksend/Quicksend-Bridging-Header.h";
			};
			name = Release;
		};
/* End XCBuildConfiguration section */

/* Begin XCConfigurationList section */
		24D924B61B5452C6002F9D81 /* Build configuration list for PBXProject "Quicksend" */ = {
			isa = XCConfigurationList;
			buildConfigurations = (
				24D924C61B5452C6002F9D81 /* Debug */,
				24D924C71B5452C6002F9D81 /* Release */,
			);
			defaultConfigurationIsVisible = 0;
			defaultConfigurationName = Release;
		};
		24D924C81B5452C6002F9D81 /* Build configuration list for PBXNativeTarget "Quicksend" */ = {
			isa = XCConfigurationList;
			buildConfigurations = (
				24D924C91B5452C6002F9D81 /* Debug */,
				24D924CA1B5452C6002F9D81 /* Release */,
			);
			defaultConfigurationIsVisible = 0;
			defaultConfigurationName = Release;
		};
/* End XCConfigurationList section */
	};
	rootObject = 24D924B31B5452C6002F9D81 /* Project object */;
}
